
Microsoft Visual Studio Solution File, Format Version 12.00
# Visual Studio Version 16
VisualStudioVersion = 16.0.30804.86
MinimumVisualStudioVersion = 10.0.40219.1
Project("{9A19103F-16F7-4668-BE54-9A1E7A4F7556}") = "DialogMessaging.Core", "src\DialogMessaging.Core\DialogMessaging.Core.csproj", "{84816F57-6790-4C83-8CF2-2F44E11A1007}"
EndProject
Project("{9A19103F-16F7-4668-BE54-9A1E7A4F7556}") = "DialogMessaging.MvvmCross", "src\DialogMessaging.MvvmCross\DialogMessaging.MvvmCross.csproj", "{040E7C29-36A4-4965-ACF9-0F30720D2AA5}"
EndProject
Project("{9A19103F-16F7-4668-BE54-9A1E7A4F7556}") = "Sample.MvvmCross.Core", "samples\Sample.MvvmCross.Core\Sample.MvvmCross.Core.csproj", "{3318901A-DFA1-43B3-8012-19BB72C4C44A}"
EndProject
Project("{FAE04EC0-301F-11D3-BF4B-00C04F79EFBC}") = "Sample.MvvmCross.Droid", "samples\Sample.MvvmCross.Droid\Sample.MvvmCross.Droid.csproj", "{8BE2BB29-9C38-4DA4-9D5C-8AF3178CF7C0}"
EndProject
Project("{2150E333-8FDC-42A3-9474-1A3956D46DE8}") = "Samples", "Samples", "{A86C81E1-7A6B-4723-93A4-FD4362D9327B}"
EndProject
Project("{9A19103F-16F7-4668-BE54-9A1E7A4F7556}") = "DialogMessaging", "src\DialogMessaging\DialogMessaging.csproj", "{1D2A274F-CCBA-452B-A828-34E6EB889D49}"
EndProject
Project("{FAE04EC0-301F-11D3-BF4B-00C04F79EFBC}") = "Sample.Droid", "samples\Sample.Droid\Sample.Droid.csproj", "{10EF955A-C2D6-49B9-917D-C214846CB3A5}"
EndProject
Project("{FAE04EC0-301F-11D3-BF4B-00C04F79EFBC}") = "Sample.iOS", "samples\Sample.iOS\Sample.iOS.csproj", "{C32EB169-319D-46D9-9323-DD68E9FD6027}"
EndProject
Global
	GlobalSection(SolutionConfigurationPlatforms) = preSolution
		Debug|Any CPU = Debug|Any CPU
		Debug|iPhone = Debug|iPhone
		Debug|iPhoneSimulator = Debug|iPhoneSimulator
		Release|Any CPU = Release|Any CPU
		Release|iPhone = Release|iPhone
		Release|iPhoneSimulator = Release|iPhoneSimulator
	EndGlobalSection
	GlobalSection(ProjectConfigurationPlatforms) = postSolution
		{84816F57-6790-4C83-8CF2-2F44E11A1007}.Debug|Any CPU.ActiveCfg = Debug|Any CPU
		{84816F57-6790-4C83-8CF2-2F44E11A1007}.Debug|Any CPU.Build.0 = Debug|Any CPU
		{84816F57-6790-4C83-8CF2-2F44E11A1007}.Debug|iPhone.ActiveCfg = Debug|Any CPU
		{84816F57-6790-4C83-8CF2-2F44E11A1007}.Debug|iPhone.Build.0 = Debug|Any CPU
		{84816F57-6790-4C83-8CF2-2F44E11A1007}.Debug|iPhoneSimulator.ActiveCfg = Debug|Any CPU
		{84816F57-6790-4C83-8CF2-2F44E11A1007}.Debug|iPhoneSimulator.Build.0 = Debug|Any CPU
		{84816F57-6790-4C83-8CF2-2F44E11A1007}.Release|Any CPU.ActiveCfg = Release|Any CPU
		{84816F57-6790-4C83-8CF2-2F44E11A1007}.Release|Any CPU.Build.0 = Release|Any CPU
		{84816F57-6790-4C83-8CF2-2F44E11A1007}.Release|iPhone.ActiveCfg = Release|Any CPU
		{84816F57-6790-4C83-8CF2-2F44E11A1007}.Release|iPhone.Build.0 = Release|Any CPU
		{84816F57-6790-4C83-8CF2-2F44E11A1007}.Release|iPhoneSimulator.ActiveCfg = Release|Any CPU
		{84816F57-6790-4C83-8CF2-2F44E11A1007}.Release|iPhoneSimulator.Build.0 = Release|Any CPU
		{040E7C29-36A4-4965-ACF9-0F30720D2AA5}.Debug|Any CPU.ActiveCfg = Debug|Any CPU
		{040E7C29-36A4-4965-ACF9-0F30720D2AA5}.Debug|Any CPU.Build.0 = Debug|Any CPU
		{040E7C29-36A4-4965-ACF9-0F30720D2AA5}.Debug|iPhone.ActiveCfg = Debug|Any CPU
		{040E7C29-36A4-4965-ACF9-0F30720D2AA5}.Debug|iPhone.Build.0 = Debug|Any CPU
		{040E7C29-36A4-4965-ACF9-0F30720D2AA5}.Debug|iPhoneSimulator.ActiveCfg = Debug|Any CPU
		{040E7C29-36A4-4965-ACF9-0F30720D2AA5}.Debug|iPhoneSimulator.Build.0 = Debug|Any CPU
		{040E7C29-36A4-4965-ACF9-0F30720D2AA5}.Release|Any CPU.ActiveCfg = Release|Any CPU
		{040E7C29-36A4-4965-ACF9-0F30720D2AA5}.Release|Any CPU.Build.0 = Release|Any CPU
		{040E7C29-36A4-4965-ACF9-0F30720D2AA5}.Release|iPhone.ActiveCfg = Release|Any CPU
		{040E7C29-36A4-4965-ACF9-0F30720D2AA5}.Release|iPhone.Build.0 = Release|Any CPU
		{040E7C29-36A4-4965-ACF9-0F30720D2AA5}.Release|iPhoneSimulator.ActiveCfg = Release|Any CPU
		{040E7C29-36A4-4965-ACF9-0F30720D2AA5}.Release|iPhoneSimulator.Build.0 = Release|Any CPU
		{3318901A-DFA1-43B3-8012-19BB72C4C44A}.Debug|Any CPU.ActiveCfg = Debug|Any CPU
		{3318901A-DFA1-43B3-8012-19BB72C4C44A}.Debug|Any CPU.Build.0 = Debug|Any CPU
		{3318901A-DFA1-43B3-8012-19BB72C4C44A}.Debug|iPhone.ActiveCfg = Debug|Any CPU
		{3318901A-DFA1-43B3-8012-19BB72C4C44A}.Debug|iPhone.Build.0 = Debug|Any CPU
		{3318901A-DFA1-43B3-8012-19BB72C4C44A}.Debug|iPhoneSimulator.ActiveCfg = Debug|Any CPU
		{3318901A-DFA1-43B3-8012-19BB72C4C44A}.Debug|iPhoneSimulator.Build.0 = Debug|Any CPU
		{3318901A-DFA1-43B3-8012-19BB72C4C44A}.Release|Any CPU.ActiveCfg = Release|Any CPU
		{3318901A-DFA1-43B3-8012-19BB72C4C44A}.Release|Any CPU.Build.0 = Release|Any CPU
		{3318901A-DFA1-43B3-8012-19BB72C4C44A}.Release|iPhone.ActiveCfg = Release|Any CPU
		{3318901A-DFA1-43B3-8012-19BB72C4C44A}.Release|iPhone.Build.0 = Release|Any CPU
		{3318901A-DFA1-43B3-8012-19BB72C4C44A}.Release|iPhoneSimulator.ActiveCfg = Release|Any CPU
		{3318901A-DFA1-43B3-8012-19BB72C4C44A}.Release|iPhoneSimulator.Build.0 = Release|Any CPU
		{8BE2BB29-9C38-4DA4-9D5C-8AF3178CF7C0}.Debug|Any CPU.ActiveCfg = Debug|Any CPU
		{8BE2BB29-9C38-4DA4-9D5C-8AF3178CF7C0}.Debug|Any CPU.Build.0 = Debug|Any CPU
		{8BE2BB29-9C38-4DA4-9D5C-8AF3178CF7C0}.Debug|Any CPU.Deploy.0 = Debug|Any CPU
		{8BE2BB29-9C38-4DA4-9D5C-8AF3178CF7C0}.Debug|iPhone.ActiveCfg = Debug|Any CPU
		{8BE2BB29-9C38-4DA4-9D5C-8AF3178CF7C0}.Debug|iPhone.Build.0 = Debug|Any CPU
		{8BE2BB29-9C38-4DA4-9D5C-8AF3178CF7C0}.Debug|iPhone.Deploy.0 = Debug|Any CPU
		{8BE2BB29-9C38-4DA4-9D5C-8AF3178CF7C0}.Debug|iPhoneSimulator.ActiveCfg = Debug|Any CPU
		{8BE2BB29-9C38-4DA4-9D5C-8AF3178CF7C0}.Debug|iPhoneSimulator.Build.0 = Debug|Any CPU
		{8BE2BB29-9C38-4DA4-9D5C-8AF3178CF7C0}.Debug|iPhoneSimulator.Deploy.0 = Debug|Any CPU
		{8BE2BB29-9C38-4DA4-9D5C-8AF3178CF7C0}.Release|Any CPU.ActiveCfg = Release|Any CPU
		{8BE2BB29-9C38-4DA4-9D5C-8AF3178CF7C0}.Release|Any CPU.Build.0 = Release|Any CPU
		{8BE2BB29-9C38-4DA4-9D5C-8AF3178CF7C0}.Release|Any CPU.Deploy.0 = Release|Any CPU
		{8BE2BB29-9C38-4DA4-9D5C-8AF3178CF7C0}.Release|iPhone.ActiveCfg = Release|Any CPU
		{8BE2BB29-9C38-4DA4-9D5C-8AF3178CF7C0}.Release|iPhone.Build.0 = Release|Any CPU
		{8BE2BB29-9C38-4DA4-9D5C-8AF3178CF7C0}.Release|iPhone.Deploy.0 = Release|Any CPU
		{8BE2BB29-9C38-4DA4-9D5C-8AF3178CF7C0}.Release|iPhoneSimulator.ActiveCfg = Release|Any CPU
		{8BE2BB29-9C38-4DA4-9D5C-8AF3178CF7C0}.Release|iPhoneSimulator.Build.0 = Release|Any CPU
		{8BE2BB29-9C38-4DA4-9D5C-8AF3178CF7C0}.Release|iPhoneSimulator.Deploy.0 = Release|Any CPU
		{1D2A274F-CCBA-452B-A828-34E6EB889D49}.Debug|Any CPU.ActiveCfg = Debug|Any CPU
		{1D2A274F-CCBA-452B-A828-34E6EB889D49}.Debug|Any CPU.Build.0 = Debug|Any CPU
		{1D2A274F-CCBA-452B-A828-34E6EB889D49}.Debug|iPhone.ActiveCfg = Debug|Any CPU
		{1D2A274F-CCBA-452B-A828-34E6EB889D49}.Debug|iPhone.Build.0 = Debug|Any CPU
		{1D2A274F-CCBA-452B-A828-34E6EB889D49}.Debug|iPhoneSimulator.ActiveCfg = Debug|Any CPU
		{1D2A274F-CCBA-452B-A828-34E6EB889D49}.Debug|iPhoneSimulator.Build.0 = Debug|Any CPU
		{1D2A274F-CCBA-452B-A828-34E6EB889D49}.Release|Any CPU.ActiveCfg = Release|Any CPU
		{1D2A274F-CCBA-452B-A828-34E6EB889D49}.Release|Any CPU.Build.0 = Release|Any CPU
		{1D2A274F-CCBA-452B-A828-34E6EB889D49}.Release|iPhone.ActiveCfg = Release|Any CPU
		{1D2A274F-CCBA-452B-A828-34E6EB889D49}.Release|iPhone.Build.0 = Release|Any CPU
		{1D2A274F-CCBA-452B-A828-34E6EB889D49}.Release|iPhoneSimulator.ActiveCfg = Release|Any CPU
		{1D2A274F-CCBA-452B-A828-34E6EB889D49}.Release|iPhoneSimulator.Build.0 = Release|Any CPU
		{10EF955A-C2D6-49B9-917D-C214846CB3A5}.Debug|Any CPU.ActiveCfg = Debug|Any CPU
		{10EF955A-C2D6-49B9-917D-C214846CB3A5}.Debug|Any CPU.Build.0 = Debug|Any CPU
		{10EF955A-C2D6-49B9-917D-C214846CB3A5}.Debug|Any CPU.Deploy.0 = Debug|Any CPU
		{10EF955A-C2D6-49B9-917D-C214846CB3A5}.Debug|iPhone.ActiveCfg = Debug|Any CPU
		{10EF955A-C2D6-49B9-917D-C214846CB3A5}.Debug|iPhone.Build.0 = Debug|Any CPU
		{10EF955A-C2D6-49B9-917D-C214846CB3A5}.Debug|iPhone.Deploy.0 = Debug|Any CPU
		{10EF955A-C2D6-49B9-917D-C214846CB3A5}.Debug|iPhoneSimulator.ActiveCfg = Debug|Any CPU
		{10EF955A-C2D6-49B9-917D-C214846CB3A5}.Debug|iPhoneSimulator.Build.0 = Debug|Any CPU
		{10EF955A-C2D6-49B9-917D-C214846CB3A5}.Debug|iPhoneSimulator.Deploy.0 = Debug|Any CPU
		{10EF955A-C2D6-49B9-917D-C214846CB3A5}.Release|Any CPU.ActiveCfg = Release|Any CPU
		{10EF955A-C2D6-49B9-917D-C214846CB3A5}.Release|Any CPU.Build.0 = Release|Any CPU
		{10EF955A-C2D6-49B9-917D-C214846CB3A5}.Release|Any CPU.Deploy.0 = Release|Any CPU
		{10EF955A-C2D6-49B9-917D-C214846CB3A5}.Release|iPhone.ActiveCfg = Release|Any CPU
		{10EF955A-C2D6-49B9-917D-C214846CB3A5}.Release|iPhone.Build.0 = Release|Any CPU
		{10EF955A-C2D6-49B9-917D-C214846CB3A5}.Release|iPhone.Deploy.0 = Release|Any CPU
		{10EF955A-C2D6-49B9-917D-C214846CB3A5}.Release|iPhoneSimulator.ActiveCfg = Release|Any CPU
		{10EF955A-C2D6-49B9-917D-C214846CB3A5}.Release|iPhoneSimulator.Build.0 = Release|Any CPU
		{10EF955A-C2D6-49B9-917D-C214846CB3A5}.Release|iPhoneSimulator.Deploy.0 = Release|Any CPU
		{C32EB169-319D-46D9-9323-DD68E9FD6027}.Debug|Any CPU.ActiveCfg = Debug|iPhoneSimulator
		{C32EB169-319D-46D9-9323-DD68E9FD6027}.Debug|iPhone.ActiveCfg = Debug|iPhone
		{C32EB169-319D-46D9-9323-DD68E9FD6027}.Debug|iPhone.Build.0 = Debug|iPhone
		{C32EB169-319D-46D9-9323-DD68E9FD6027}.Debug|iPhoneSimulator.ActiveCfg = Debug|iPhoneSimulator
		{C32EB169-319D-46D9-9323-DD68E9FD6027}.Debug|iPhoneSimulator.Build.0 = Debug|iPhoneSimulator
		{C32EB169-319D-46D9-9323-DD68E9FD6027}.Release|Any CPU.ActiveCfg = Release|iPhoneSimulator
		{C32EB169-319D-46D9-9323-DD68E9FD6027}.Release|iPhone.ActiveCfg = Release|iPhone
		{C32EB169-319D-46D9-9323-DD68E9FD6027}.Release|iPhone.Build.0 = Release|iPhone
		{C32EB169-319D-46D9-9323-DD68E9FD6027}.Release|iPhoneSimulator.ActiveCfg = Release|iPhoneSimulator
		{C32EB169-319D-46D9-9323-DD68E9FD6027}.Release|iPhoneSimulator.Build.0 = Release|iPhoneSimulator
	EndGlobalSection
	GlobalSection(SolutionProperties) = preSolution
		HideSolutionNode = FALSE
	EndGlobalSection
	GlobalSection(NestedProjects) = preSolution
		{3318901A-DFA1-43B3-8012-19BB72C4C44A} = {A86C81E1-7A6B-4723-93A4-FD4362D9327B}
		{8BE2BB29-9C38-4DA4-9D5C-8AF3178CF7C0} = {A86C81E1-7A6B-4723-93A4-FD4362D9327B}
		{10EF955A-C2D6-49B9-917D-C214846CB3A5} = {A86C81E1-7A6B-4723-93A4-FD4362D9327B}
		{C32EB169-319D-46D9-9323-DD68E9FD6027} = {A86C81E1-7A6B-4723-93A4-FD4362D9327B}
	EndGlobalSection
	GlobalSection(ExtensibilityGlobals) = postSolution
		SolutionGuid = {D8C428FC-863D-45B1-8B43-659513809DAF}
	EndGlobalSection
EndGlobal
